// !$*UTF8*$!
{
	archiveVersion = 1;
	classes = {
	};
	objectVersion = 50;
	objects = {

/* Begin PBXBuildFile section */
		B4D4609893CD18D21029AC0B /* Pods_CustomCalloutSample.framework in Frameworks */ = {isa = PBXBuildFile; fileRef = 3BF9A26D977254C5693FFACF /* Pods_CustomCalloutSample.framework */; };
		FD714E21207E2CBA00D1065D /* AppDelegate.swift in Sources */ = {isa = PBXBuildFile; fileRef = FD714E20207E2CBA00D1065D /* AppDelegate.swift */; };
		FD714E28207E2CBC00D1065D /* Assets.xcassets in Resources */ = {isa = PBXBuildFile; fileRef = FD714E27207E2CBC00D1065D /* Assets.xcassets */; };
		FD714E2B207E2CBC00D1065D /* LaunchScreen.storyboard in Resources */ = {isa = PBXBuildFile; fileRef = FD714E29207E2CBC00D1065D /* LaunchScreen.storyboard */; };
		FD714E3B207E325800D1065D /* CustomCalloutViewController.swift in Sources */ = {isa = PBXBuildFile; fileRef = FD714E38207E325700D1065D /* CustomCalloutViewController.swift */; };
		FD714E3C207E325800D1065D /* CustomCallout.storyboard in Resources */ = {isa = PBXBuildFile; fileRef = FD714E39207E325800D1065D /* CustomCallout.storyboard */; };
		FD714E3D207E325800D1065D /* CustomCalloutPopUpViewController.swift in Sources */ = {isa = PBXBuildFile; fileRef = FD714E3A207E325800D1065D /* CustomCalloutPopUpViewController.swift */; };
/* End PBXBuildFile section */

/* Begin PBXFileReference section */
		3BF9A26D977254C5693FFACF /* Pods_CustomCalloutSample.framework */ = {isa = PBXFileReference; explicitFileType = wrapper.framework; includeInIndex = 0; path = Pods_CustomCalloutSample.framework; sourceTree = BUILT_PRODUCTS_DIR; };
		B22CA1B4F1F9FF71A3EAD7D3 /* Pods-CustomCalloutSample.release.xcconfig */ = {isa = PBXFileReference; includeInIndex = 1; lastKnownFileType = text.xcconfig; name = "Pods-CustomCalloutSample.release.xcconfig"; path = "Pods/Target Support Files/Pods-CustomCalloutSample/Pods-CustomCalloutSample.release.xcconfig"; sourceTree = "<group>"; };
		B9B3ACB4BBB6BBBE6D7A2FE3 /* Pods-CustomCalloutSample.debug.xcconfig */ = {isa = PBXFileReference; includeInIndex = 1; lastKnownFileType = text.xcconfig; name = "Pods-CustomCalloutSample.debug.xcconfig"; path = "Pods/Target Support Files/Pods-CustomCalloutSample/Pods-CustomCalloutSample.debug.xcconfig"; sourceTree = "<group>"; };
		FD714E1D207E2CBA00D1065D /* CustomCalloutSample.app */ = {isa = PBXFileReference; explicitFileType = wrapper.application; includeInIndex = 0; path = CustomCalloutSample.app; sourceTree = BUILT_PRODUCTS_DIR; };
		FD714E20207E2CBA00D1065D /* AppDelegate.swift */ = {isa = PBXFileReference; lastKnownFileType = sourcecode.swift; path = AppDelegate.swift; sourceTree = "<group>"; };
		FD714E27207E2CBC00D1065D /* Assets.xcassets */ = {isa = PBXFileReference; lastKnownFileType = folder.assetcatalog; path = Assets.xcassets; sourceTree = "<group>"; };
		FD714E2A207E2CBC00D1065D /* Base */ = {isa = PBXFileReference; lastKnownFileType = file.storyboard; name = Base; path = Base.lproj/LaunchScreen.storyboard; sourceTree = "<group>"; };
		FD714E2C207E2CBC00D1065D /* Info.plist */ = {isa = PBXFileReference; lastKnownFileType = text.plist.xml; path = Info.plist; sourceTree = "<group>"; };
		FD714E38207E325700D1065D /* CustomCalloutViewController.swift */ = {isa = PBXFileReference; fileEncoding = 4; lastKnownFileType = sourcecode.swift; path = CustomCalloutViewController.swift; sourceTree = "<group>"; };
		FD714E39207E325800D1065D /* CustomCallout.storyboard */ = {isa = PBXFileReference; fileEncoding = 4; lastKnownFileType = file.storyboard; path = CustomCallout.storyboard; sourceTree = "<group>"; };
		FD714E3A207E325800D1065D /* CustomCalloutPopUpViewController.swift */ = {isa = PBXFileReference; fileEncoding = 4; lastKnownFileType = sourcecode.swift; path = CustomCalloutPopUpViewController.swift; sourceTree = "<group>"; };
/* End PBXFileReference section */

/* Begin PBXFrameworksBuildPhase section */
		FD714E1A207E2CBA00D1065D /* Frameworks */ = {
			isa = PBXFrameworksBuildPhase;
			buildActionMask = 2147483647;
			files = (
				B4D4609893CD18D21029AC0B /* Pods_CustomCalloutSample.framework in Frameworks */,
			);
			runOnlyForDeploymentPostprocessing = 0;
		};
/* End PBXFrameworksBuildPhase section */

/* Begin PBXGroup section */
		417DEA5F4B94535D0FCBE2E1 /* Frameworks */ = {
			isa = PBXGroup;
			children = (
				3BF9A26D977254C5693FFACF /* Pods_CustomCalloutSample.framework */,
			);
			name = Frameworks;
			sourceTree = "<group>";
		};
		423E2E67F47491561AA60C15 /* Pods */ = {
			isa = PBXGroup;
			children = (
				B9B3ACB4BBB6BBBE6D7A2FE3 /* Pods-CustomCalloutSample.debug.xcconfig */,
				B22CA1B4F1F9FF71A3EAD7D3 /* Pods-CustomCalloutSample.release.xcconfig */,
			);
			name = Pods;
			sourceTree = "<group>";
		};
		FD714E14207E2CBA00D1065D = {
			isa = PBXGroup;
			children = (
				FD714E1F207E2CBA00D1065D /* CustomCalloutSample */,
				FD714E1E207E2CBA00D1065D /* Products */,
				423E2E67F47491561AA60C15 /* Pods */,
				417DEA5F4B94535D0FCBE2E1 /* Frameworks */,
			);
			sourceTree = "<group>";
		};
		FD714E1E207E2CBA00D1065D /* Products */ = {
			isa = PBXGroup;
			children = (
				FD714E1D207E2CBA00D1065D /* CustomCalloutSample.app */,
			);
			name = Products;
			sourceTree = "<group>";
		};
		FD714E1F207E2CBA00D1065D /* CustomCalloutSample */ = {
			isa = PBXGroup;
			children = (
				FD714E39207E325800D1065D /* CustomCallout.storyboard */,
				FD714E3A207E325800D1065D /* CustomCalloutPopUpViewController.swift */,
				FD714E38207E325700D1065D /* CustomCalloutViewController.swift */,
				FD714E20207E2CBA00D1065D /* AppDelegate.swift */,
				FD714E27207E2CBC00D1065D /* Assets.xcassets */,
				FD714E29207E2CBC00D1065D /* LaunchScreen.storyboard */,
				FD714E2C207E2CBC00D1065D /* Info.plist */,
			);
			path = CustomCalloutSample;
			sourceTree = "<group>";
		};
/* End PBXGroup section */

/* Begin PBXNativeTarget section */
		FD714E1C207E2CBA00D1065D /* CustomCalloutSample */ = {
			isa = PBXNativeTarget;
			buildConfigurationList = FD714E2F207E2CBC00D1065D /* Build configuration list for PBXNativeTarget "CustomCalloutSample" */;
			buildPhases = (
				BB93CCBC410DE62BF79655E2 /* [CP] Check Pods Manifest.lock */,
				FD714E19207E2CBA00D1065D /* Sources */,
				FD714E1A207E2CBA00D1065D /* Frameworks */,
				FD714E1B207E2CBA00D1065D /* Resources */,
				54F571350A8552B14F86E1E7 /* [CP] Embed Pods Frameworks */,
				02A8355DAAA59CF759A88FC8 /* [CP] Copy Pods Resources */,
			);
			buildRules = (
			);
			dependencies = (
			);
			name = CustomCalloutSample;
			productName = CustomCalloutSample;
			productReference = FD714E1D207E2CBA00D1065D /* CustomCalloutSample.app */;
			productType = "com.apple.product-type.application";
		};
/* End PBXNativeTarget section */

/* Begin PBXProject section */
		FD714E15207E2CBA00D1065D /* Project object */ = {
			isa = PBXProject;
			attributes = {
				LastSwiftUpdateCheck = 0930;
				LastUpgradeCheck = 0930;
				ORGANIZATIONNAME = yasarSoft;
				TargetAttributes = {
					FD714E1C207E2CBA00D1065D = {
						CreatedOnToolsVersion = 9.3;
					};
				};
			};
			buildConfigurationList = FD714E18207E2CBA00D1065D /* Build configuration list for PBXProject "CustomCalloutSample" */;
			compatibilityVersion = "Xcode 9.3";
			developmentRegion = en;
			hasScannedForEncodings = 0;
			knownRegions = (
				en,
				Base,
			);
			mainGroup = FD714E14207E2CBA00D1065D;
			productRefGroup = FD714E1E207E2CBA00D1065D /* Products */;
			projectDirPath = "";
			projectRoot = "";
			targets = (
				FD714E1C207E2CBA00D1065D /* CustomCalloutSample */,
			);
		};
/* End PBXProject section */

/* Begin PBXResourcesBuildPhase section */
		FD714E1B207E2CBA00D1065D /* Resources */ = {
			isa = PBXResourcesBuildPhase;
			buildActionMask = 2147483647;
			files = (
				FD714E2B207E2CBC00D1065D /* LaunchScreen.storyboard in Resources */,
				FD714E28207E2CBC00D1065D /* Assets.xcassets in Resources */,
				FD714E3C207E325800D1065D /* CustomCallout.storyboard in Resources */,
			);
			runOnlyForDeploymentPostprocessing = 0;
		};
/* End PBXResourcesBuildPhase section */

/* Begin PBXShellScriptBuildPhase section */
		02A8355DAAA59CF759A88FC8 /* [CP] Copy Pods Resources */ = {
			isa = PBXShellScriptBuildPhase;
			buildActionMask = 2147483647;
			files = (
			);
			inputPaths = (
				"${SRCROOT}/Pods/Target Support Files/Pods-CustomCalloutSample/Pods-CustomCalloutSample-resources.sh",
				"${PODS_ROOT}/ArcGIS-Runtime-SDK-iOS/ArcGIS.framework/ArcGIS.bundle",
			);
			name = "[CP] Copy Pods Resources";
			outputPaths = (
				"${TARGET_BUILD_DIR}/${UNLOCALIZED_RESOURCES_FOLDER_PATH}/ArcGIS.bundle",
			);
			runOnlyForDeploymentPostprocessing = 0;
			shellPath = /bin/sh;
			shellScript = "\"${SRCROOT}/Pods/Target Support Files/Pods-CustomCalloutSample/Pods-CustomCalloutSample-resources.sh\"\n";
			showEnvVarsInLog = 0;
		};
		54F571350A8552B14F86E1E7 /* [CP] Embed Pods Frameworks */ = {
			isa = PBXShellScriptBuildPhase;
			buildActionMask = 2147483647;
			files = (
			);
			inputPaths = (
				"${SRCROOT}/Pods/Target Support Files/Pods-CustomCalloutSample/Pods-CustomCalloutSample-frameworks.sh",
				"${PODS_ROOT}/ArcGIS-Runtime-SDK-iOS/ArcGIS.framework",
				"${PODS_ROOT}/ArcGIS-Runtime-SDK-iOS/ArcGIS.framework.dSYM",
			);
			name = "[CP] Embed Pods Frameworks";
			outputPaths = (
				"${TARGET_BUILD_DIR}/${FRAMEWORKS_FOLDER_PATH}/ArcGIS.framework",
				"${DWARF_DSYM_FOLDER_PATH}/ArcGIS.framework.dSYM",
			);
			runOnlyForDeploymentPostprocessing = 0;
			shellPath = /bin/sh;
			shellScript = "\"${SRCROOT}/Pods/Target Support Files/Pods-CustomCalloutSample/Pods-CustomCalloutSample-frameworks.sh\"\n";
			showEnvVarsInLog = 0;
		};
		BB93CCBC410DE62BF79655E2 /* [CP] Check Pods Manifest.lock */ = {
			isa = PBXShellScriptBuildPhase;
			buildActionMask = 2147483647;
			files = (
			);
			inputPaths = (
				"${PODS_PODFILE_DIR_PATH}/Podfile.lock",
				"${PODS_ROOT}/Manifest.lock",
			);
			name = "[CP] Check Pods Manifest.lock";
			outputPaths = (
				"$(DERIVED_FILE_DIR)/Pods-CustomCalloutSample-checkManifestLockResult.txt",
			);
			runOnlyForDeploymentPostprocessing = 0;
			shellPath = /bin/sh;
			shellScript = "diff \"${PODS_PODFILE_DIR_PATH}/Podfile.lock\" \"${PODS_ROOT}/Manifest.lock\" > /dev/null\nif [ $? != 0 ] ; then\n    # print error to STDERR\n    echo \"error: The sandbox is not in sync with the Podfile.lock. Run 'pod install' or update your CocoaPods installation.\" >&2\n    exit 1\nfi\n# This output is used by Xcode 'outputs' to avoid re-running this script phase.\necho \"SUCCESS\" > \"${SCRIPT_OUTPUT_FILE_0}\"\n";
			showEnvVarsInLog = 0;
		};
/* End PBXShellScriptBuildPhase section */

/* Begin PBXSourcesBuildPhase section */
		FD714E19207E2CBA00D1065D /* Sources */ = {
			isa = PBXSourcesBuildPhase;
			buildActionMask = 2147483647;
			files = (
				FD714E21207E2CBA00D1065D /* AppDelegate.swift in Sources */,
				FD714E3B207E325800D1065D /* CustomCalloutViewController.swift in Sources */,
				FD714E3D207E325800D1065D /* CustomCalloutPopUpViewController.swift in Sources */,
			);
			runOnlyForDeploymentPostprocessing = 0;
		};
/* End PBXSourcesBuildPhase section */

/* Begin PBXVariantGroup section */
		FD714E29207E2CBC00D1065D /* LaunchScreen.storyboard */ = {
			isa = PBXVariantGroup;
			children = (
				FD714E2A207E2CBC00D1065D /* Base */,
			);
			name = LaunchScreen.storyboard;
			sourceTree = "<group>";
		};
/* End PBXVariantGroup section */

/* Begin XCBuildConfiguration section */
		FD714E2D207E2CBC00D1065D /* Debug */ = {
			isa = XCBuildConfiguration;
			buildSettings = {
				ALWAYS_SEARCH_USER_PATHS = NO;
				CLANG_ANALYZER_NONNULL = YES;
				CLANG_ANALYZER_NUMBER_OBJECT_CONVERSION = YES_AGGRESSIVE;
				CLANG_CXX_LANGUAGE_STANDARD = "gnu++14";
				CLANG_CXX_LIBRARY = "libc++";
				CLANG_ENABLE_MODULES = YES;
				CLANG_ENABLE_OBJC_ARC = YES;
				CLANG_ENABLE_OBJC_WEAK = YES;
				CLANG_WARN_BLOCK_CAPTURE_AUTORELEASING = YES;
				CLANG_WARN_BOOL_CONVERSION = YES;
				CLANG_WARN_COMMA = YES;
				CLANG_WARN_CONSTANT_CONVERSION = YES;
				CLANG_WARN_DEPRECATED_OBJC_IMPLEMENTATIONS = YES;
				CLANG_WARN_DIRECT_OBJC_ISA_USAGE = YES_ERROR;
				CLANG_WARN_DOCUMENTATION_COMMENTS = YES;
				CLANG_WARN_EMPTY_BODY = YES;
				CLANG_WARN_ENUM_CONVERSION = YES;
				CLANG_WARN_INFINITE_RECURSION = YES;
				CLANG_WARN_INT_CONVERSION = YES;
				CLANG_WARN_NON_LITERAL_NULL_CONVERSION = YES;
				CLANG_WARN_OBJC_IMPLICIT_RETAIN_SELF = YES;
				CLANG_WARN_OBJC_LITERAL_CONVERSION = YES;
				CLANG_WARN_OBJC_ROOT_CLASS = YES_ERROR;
				CLANG_WARN_RANGE_LOOP_ANALYSIS = YES;
				CLANG_WARN_STRICT_PROTOTYPES = YES;
				CLANG_WARN_SUSPICIOUS_MOVE = YES;
				CLANG_WARN_UNGUARDED_AVAILABILITY = YES_AGGRESSIVE;
				CLANG_WARN_UNREACHABLE_CODE = YES;
				CLANG_WARN__DUPLICATE_METHOD_MATCH = YES;
				CODE_SIGN_IDENTITY = "iPhone Developer";
				COPY_PHASE_STRIP = NO;
				DEBUG_INFORMATION_FORMAT = dwarf;
				ENABLE_STRICT_OBJC_MSGSEND = YES;
				ENABLE_TESTABILITY = YES;
				GCC_C_LANGUAGE_STANDARD = gnu11;
				GCC_DYNAMIC_NO_PIC = NO;
				GCC_NO_COMMON_BLOCKS = YES;
				GCC_OPTIMIZATION_LEVEL = 0;
				GCC_PREPROCESSOR_DEFINITIONS = (
					"DEBUG=1",
					"$(inherited)",
				);
				GCC_WARN_64_TO_32_BIT_CONVERSION = YES;
				GCC_WARN_ABOUT_RETURN_TYPE = YES_ERROR;
				GCC_WARN_UNDECLARED_SELECTOR = YES;
				GCC_WARN_UNINITIALIZED_AUTOS = YES_AGGRESSIVE;
				GCC_WARN_UNUSED_FUNCTION = YES;
				GCC_WARN_UNUSED_VARIABLE = YES;
				IPHONEOS_DEPLOYMENT_TARGET = 11.3;
				MTL_ENABLE_DEBUG_INFO = YES;
				ONLY_ACTIVE_ARCH = YES;
				SDKROOT = iphoneos;
				SWIFT_ACTIVE_COMPILATION_CONDITIONS = DEBUG;
				SWIFT_OPTIMIZATION_LEVEL = "-Onone";
			};
			name = Debug;
		};
		FD714E2E207E2CBC00D1065D /* Release */ = {
			isa = XCBuildConfiguration;
			buildSettings = {
				ALWAYS_SEARCH_USER_PATHS = NO;
				CLANG_ANALYZER_NONNULL = YES;
				CLANG_ANALYZER_NUMBER_OBJECT_CONVERSION = YES_AGGRESSIVE;
				CLANG_CXX_LANGUAGE_STANDARD = "gnu++14";
				CLANG_CXX_LIBRARY = "libc++";
				CLANG_ENABLE_MODULES = YES;
				CLANG_ENABLE_OBJC_ARC = YES;
				CLANG_ENABLE_OBJC_WEAK = YES;
				CLANG_WARN_BLOCK_CAPTURE_AUTORELEASING = YES;
				CLANG_WARN_BOOL_CONVERSION = YES;
				CLANG_WARN_COMMA = YES;
				CLANG_WARN_CONSTANT_CONVERSION = YES;
				CLANG_WARN_DEPRECATED_OBJC_IMPLEMENTATIONS = YES;
				CLANG_WARN_DIRECT_OBJC_ISA_USAGE = YES_ERROR;
				CLANG_WARN_DOCUMENTATION_COMMENTS = YES;
				CLANG_WARN_EMPTY_BODY = YES;
				CLANG_WARN_ENUM_CONVERSION = YES;
				CLANG_WARN_INFINITE_RECURSION = YES;
				CLANG_WARN_INT_CONVERSION = YES;
				CLANG_WARN_NON_LITERAL_NULL_CONVERSION = YES;
				CLANG_WARN_OBJC_IMPLICIT_RETAIN_SELF = YES;
				CLANG_WARN_OBJC_LITERAL_CONVERSION = YES;
				CLANG_WARN_OBJC_ROOT_CLASS = YES_ERROR;
				CLANG_WARN_RANGE_LOOP_ANALYSIS = YES;
				CLANG_WARN_STRICT_PROTOTYPES = YES;
				CLANG_WARN_SUSPICIOUS_MOVE = YES;
				CLANG_WARN_UNGUARDED_AVAILABILITY = YES_AGGRESSIVE;
				CLANG_WARN_UNREACHABLE_CODE = YES;
				CLANG_WARN__DUPLICATE_METHOD_MATCH = YES;
				CODE_SIGN_IDENTITY = "iPhone Developer";
				COPY_PHASE_STRIP = NO;
				DEBUG_INFORMATION_FORMAT = "dwarf-with-dsym";
				ENABLE_NS_ASSERTIONS = NO;
				ENABLE_STRICT_OBJC_MSGSEND = YES;
				GCC_C_LANGUAGE_STANDARD = gnu11;
				GCC_NO_COMMON_BLOCKS = YES;
				GCC_WARN_64_TO_32_BIT_CONVERSION = YES;
				GCC_WARN_ABOUT_RETURN_TYPE = YES_ERROR;
				GCC_WARN_UNDECLARED_SELECTOR = YES;
				GCC_WARN_UNINITIALIZED_AUTOS = YES_AGGRESSIVE;
				GCC_WARN_UNUSED_FUNCTION = YES;
				GCC_WARN_UNUSED_VARIABLE = YES;
				IPHONEOS_DEPLOYMENT_TARGET = 11.3;
				MTL_ENABLE_DEBUG_INFO = NO;
				SDKROOT = iphoneos;
				SWIFT_COMPILATION_MODE = wholemodule;
				SWIFT_OPTIMIZATION_LEVEL = "-O";
				VALIDATE_PRODUCT = YES;
			};
			name = Release;
		};
		FD714E30207E2CBC00D1065D /* Debug */ = {
			isa = XCBuildConfiguration;
			baseConfigurationReference = B9B3ACB4BBB6BBBE6D7A2FE3 /* Pods-CustomCalloutSample.debug.xcconfig */;
			buildSettings = {
				ASSETCATALOG_COMPILER_APPICON_NAME = AppIcon;
				CODE_SIGN_STYLE = Automatic;
				DEVELOPMENT_TEAM = 9MMLCT2W4W;
				INFOPLIST_FILE = CustomCalloutSample/Info.plist;
				LD_RUNPATH_SEARCH_PATHS = (
					"$(inherited)",
					"@executable_path/Frameworks",
				);
				PRODUCT_BUNDLE_IDENTIFIER = com.yasarSoft.CustomCalloutSample;
				PRODUCT_NAME = "$(TARGET_NAME)";
				SWIFT_VERSION = 4.0;
				TARGETED_DEVICE_FAMILY = "1,2";
			};
			name = Debug;
		};
		FD714E31207E2CBC00D1065D /* Release */ = {
			isa = XCBuildConfiguration;
			baseConfigurationReference = B22CA1B4F1F9FF71A3EAD7D3 /* Pods-CustomCalloutSample.release.xcconfig */;
			buildSettings = {
				ASSETCATALOG_COMPILER_APPICON_NAME = AppIcon;
				CODE_SIGN_STYLE = Automatic;
				DEVELOPMENT_TEAM = 9MMLCT2W4W;
				INFOPLIST_FILE = CustomCalloutSample/Info.plist;
				LD_RUNPATH_SEARCH_PATHS = (
					"$(inherited)",
					"@executable_path/Frameworks",
				);
				PRODUCT_BUNDLE_IDENTIFIER = com.yasarSoft.CustomCalloutSample;
				PRODUCT_NAME = "$(TARGET_NAME)";
				SWIFT_VERSION = 4.0;
				TARGETED_DEVICE_FAMILY = "1,2";
			};
			name = Release;
		};
/* End XCBuildConfiguration section */

/* Begin XCConfigurationList section */
		FD714E18207E2CBA00D1065D /* Build configuration list for PBXProject "CustomCalloutSample" */ = {
			isa = XCConfigurationList;
			buildConfigurations = (
				FD714E2D207E2CBC00D1065D /* Debug */,
				FD714E2E207E2CBC00D1065D /* Release */,
			);
			defaultConfigurationIsVisible = 0;
			defaultConfigurationName = Release;
		};
		FD714E2F207E2CBC00D1065D /* Build configuration list for PBXNativeTarget "CustomCalloutSample" */ = {
			isa = XCConfigurationList;
			buildConfigurations = (
				FD714E30207E2CBC00D1065D /* Debug */,
				FD714E31207E2CBC00D1065D /* Release */,
			);
			defaultConfigurationIsVisible = 0;
			defaultConfigurationName = Release;
		};
/* End XCConfigurationList section */
	};
	rootObject = FD714E15207E2CBA00D1065D /* Project object */;
}
